{
    "_meta": {
        "hash": {
            "sha256": "c3b48562df5b71cb2c3944bbd5d37d0c628201aa5e035ab5bbc9d5cb24b05fd0"
        },
        "pipfile-spec": 6,
        "requires": {
            "python_version": "*"
        },
        "sources": [
            {
                "name": "pypi",
                "url": "https://pypi.org/simple",
                "verify_ssl": true
            }
        ]
    },
    "default": {
        "prometheus-client": {
            "hashes": [
                "sha256:150db128af71a5c2482b36e588fc8a6b95e498750da4b17065947c16070f4055",
                "sha256:7e0ced7fbbd40f7b84962d5d2ab6f17ef88a72504dcf7c0b40737b43b2a461f9"
            ],
            "index": "pypi",
            "markers": "python_version >= '3.9'",
            "version": "==0.24.1"
        }
    },
    "develop": {}
}
